
Microsoft Visual Studio Solution File, Format Version 12.00
# Visual Studio Version 16
VisualStudioVersion = 16.0.29709.97
MinimumVisualStudioVersion = 10.0.40219.1
Project("{9A19103F-16F7-4668-BE54-9A1E7A4F7556}") = "HOATest.API", "HOATest.API\HOATest.API.csproj", "{63751526-4041-4BB9-BA68-5982DB88CEC0}"
EndProject
Global
	GlobalSection(SolutionConfigurationPlatforms) = preSolution
		Debug|Any CPU = Debug|Any CPU
		Release|Any CPU = Release|Any CPU
	EndGlobalSection
	GlobalSection(ProjectConfigurationPlatforms) = postSolution
		{63751526-4041-4BB9-BA68-5982DB88CEC0}.Debug|Any CPU.ActiveCfg = Debug|Any CPU
		{63751526-4041-4BB9-BA68-5982DB88CEC0}.Debug|Any CPU.Build.0 = Debug|Any CPU
		{63751526-4041-4BB9-BA68-5982DB88CEC0}.Release|Any CPU.ActiveCfg = Release|Any CPU
		{63751526-4041-4BB9-BA68-5982DB88CEC0}.Release|Any CPU.Build.0 = Release|Any CPU
	EndGlobalSection
	GlobalSection(SolutionProperties) = preSolution
		HideSolutionNode = FALSE
	EndGlobalSection
	GlobalSection(ExtensibilityGlobals) = postSolution
		SolutionGuid = {51AEEF22-8472-4B83-826E-CD9A0BBEA192}
	EndGlobalSection
EndGlobal
